
Microsoft Visual Studio Solution File, Format Version 12.00
# Visual Studio 15
VisualStudioVersion = 15.0.27703.2026
MinimumVisualStudioVersion = 10.0.40219.1
Project("{FAE04EC0-301F-11D3-BF4B-00C04F79EFBC}") = "MagicPaste.WindowsClient", "MagicPaste.WindowsClient\MagicPaste.WindowsClient.csproj", "{946D6C81-7BD1-49AE-80F1-B86814F1D6AE}"
EndProject
Global
	GlobalSection(SolutionConfigurationPlatforms) = preSolution
		Debug|Any CPU = Debug|Any CPU
		Release|Any CPU = Release|Any CPU
	EndGlobalSection
	GlobalSection(ProjectConfigurationPlatforms) = postSolution
		{946D6C81-7BD1-49AE-80F1-B86814F1D6AE}.Debug|Any CPU.ActiveCfg = Debug|Any CPU
		{946D6C81-7BD1-49AE-80F1-B86814F1D6AE}.Debug|Any CPU.Build.0 = Debug|Any CPU
		{946D6C81-7BD1-49AE-80F1-B86814F1D6AE}.Release|Any CPU.ActiveCfg = Release|Any CPU
		{946D6C81-7BD1-49AE-80F1-B86814F1D6AE}.Release|Any CPU.Build.0 = Release|Any CPU
	EndGlobalSection
	GlobalSection(SolutionProperties) = preSolution
		HideSolutionNode = FALSE
	EndGlobalSection
	GlobalSection(ExtensibilityGlobals) = postSolution
		SolutionGuid = {E8AD3189-F043-489A-9B24-B05B51F07B2A}
	EndGlobalSection
EndGlobal
